<?xml version="1.0" encoding="utf-8"?>
<Project ToolsVersion="4.0" xmlns="http://schemas.microsoft.com/developer/msbuild/2003">
  <ItemGroup>
    <Filter Include="projects">
      <UniqueIdentifier>{93995380-89BD-4b04-88EB-625FBE52EBFB}</UniqueIdentifier>
      <Extensions>h;hh;hpp;hxx;h++;hm;inl;inc;ipp;xsd</Extensions>
    </Filter>
    <Filter Include="vendors">
      <UniqueIdentifier>{4FC737F1-C7A5-4376-A066-2A32D752A2FF}</UniqueIdentifier>
      <Extensions>cpp;c;cc;cxx;c++;cppm;ixx;def;odl;idl;hpj;bat;asm;asmx</Extensions>
    </Filter>
    <Filter Include="projects\lunar">
      <UniqueIdentifier>{07ec2dc8-b8cd-4d57-99e8-c3fdd43385b8}</UniqueIdentifier>
    </Filter>
    <Filter Include="vendors\sol">
      <UniqueIdentifier>{00a2b574-ea6a-4787-92a1-ccaaa54a6043}</UniqueIdentifier>
    </Filter>
  </ItemGroup>
  <ItemGroup>
    <ClCompile Include="Main.cpp">
      <Filter>projects\lunar</Filter>
    </ClCompile>
    <ClCompile Include="CLuaManager.cpp">
      <Filter>projects\lunar</Filter>
    </ClCompile>
    <ClCompile Include="CConsole.cpp">
      <Filter>projects\lunar</Filter>
    </ClCompile>
  </ItemGroup>
  <ItemGroup>
    <ClInclude Include="CLuaManager.h">
      <Filter>projects\lunar</Filter>
    </ClInclude>
    <ClInclude Include="CConsole.h">
      <Filter>projects\lunar</Filter>
    </ClInclude>
  </ItemGroup>
</Project>